
Microsoft Visual Studio Solution File, Format Version 12.00
# Visual Studio Version 17
VisualStudioVersion = 17.5.33502.453
MinimumVisualStudioVersion = 10.0.40219.1
Project("{9A19103F-16F7-4668-BE54-9A1E7A4F7556}") = "API", "API\API.csproj", "{C97B633F-A01C-4CC3-BABC-A132A4FF005A}"
EndProject
Project("{9A19103F-16F7-4668-BE54-9A1E7A4F7556}") = "Business", "Business\Business.csproj", "{51F74DC3-7FC3-45F9-B055-0532CF59D361}"
EndProject
Project("{9A19103F-16F7-4668-BE54-9A1E7A4F7556}") = "Persistence", "Persistence\Persistence.csproj", "{3F5AF5C0-058B-4BCE-B87C-BAA6A592585B}"
EndProject
Project("{FAE04EC0-301F-11D3-BF4B-00C04F79EFBC}") = "Shared", "Shared\Shared.csproj", "{AC763521-16FB-449B-91F0-944518121F22}"
EndProject
Global
	GlobalSection(SolutionConfigurationPlatforms) = preSolution
		Debug|Any CPU = Debug|Any CPU
		Release|Any CPU = Release|Any CPU
	EndGlobalSection
	GlobalSection(ProjectConfigurationPlatforms) = postSolution
		{C97B633F-A01C-4CC3-BABC-A132A4FF005A}.Debug|Any CPU.ActiveCfg = Debug|Any CPU
		{C97B633F-A01C-4CC3-BABC-A132A4FF005A}.Debug|Any CPU.Build.0 = Debug|Any CPU
		{C97B633F-A01C-4CC3-BABC-A132A4FF005A}.Release|Any CPU.ActiveCfg = Release|Any CPU
		{C97B633F-A01C-4CC3-BABC-A132A4FF005A}.Release|Any CPU.Build.0 = Release|Any CPU
		{51F74DC3-7FC3-45F9-B055-0532CF59D361}.Debug|Any CPU.ActiveCfg = Debug|Any CPU
		{51F74DC3-7FC3-45F9-B055-0532CF59D361}.Debug|Any CPU.Build.0 = Debug|Any CPU
		{51F74DC3-7FC3-45F9-B055-0532CF59D361}.Release|Any CPU.ActiveCfg = Release|Any CPU
		{51F74DC3-7FC3-45F9-B055-0532CF59D361}.Release|Any CPU.Build.0 = Release|Any CPU
		{3F5AF5C0-058B-4BCE-B87C-BAA6A592585B}.Debug|Any CPU.ActiveCfg = Debug|Any CPU
		{3F5AF5C0-058B-4BCE-B87C-BAA6A592585B}.Debug|Any CPU.Build.0 = Debug|Any CPU
		{3F5AF5C0-058B-4BCE-B87C-BAA6A592585B}.Release|Any CPU.ActiveCfg = Release|Any CPU
		{3F5AF5C0-058B-4BCE-B87C-BAA6A592585B}.Release|Any CPU.Build.0 = Release|Any CPU
		{AC763521-16FB-449B-91F0-944518121F22}.Debug|Any CPU.ActiveCfg = Debug|Any CPU
		{AC763521-16FB-449B-91F0-944518121F22}.Debug|Any CPU.Build.0 = Debug|Any CPU
		{AC763521-16FB-449B-91F0-944518121F22}.Release|Any CPU.ActiveCfg = Release|Any CPU
		{AC763521-16FB-449B-91F0-944518121F22}.Release|Any CPU.Build.0 = Release|Any CPU
	EndGlobalSection
	GlobalSection(SolutionProperties) = preSolution
		HideSolutionNode = FALSE
	EndGlobalSection
	GlobalSection(ExtensibilityGlobals) = postSolution
		SolutionGuid = {F2ADEC7F-AE85-4D75-B3EF-E73348B38B2B}
	EndGlobalSection
EndGlobal
